{
  "requires": true,
  "lockfileVersion": 1,
  "dependencies": {
    "classname": {
      "version": "0.0.0",
      "resolved": "https://registry.npmjs.org/classname/-/classname-0.0.0.tgz",
      "integrity": "sha1-Q9FxtITjVMeik6W3gATfaFLbINY="
    },
    "react-bootstrap-date-picker": {
      "version": "5.1.0",
      "resolved": "https://registry.npmjs.org/react-bootstrap-date-picker/-/react-bootstrap-date-picker-5.1.0.tgz",
      "integrity": "sha1-X4fGqHXkEdv0bSvnSWB1bxE+vyM="
    }
  }
}
